
Microsoft Visual Studio Solution File, Format Version 12.00
# Visual Studio 14
VisualStudioVersion = 14.0.25123.0
MinimumVisualStudioVersion = 10.0.40219.1
Project("{FAE04EC0-301F-11D3-BF4B-00C04F79EFBC}") = "Web.MVC", "Web.MVC\Web.MVC.csproj", "{A5B5E1B1-FD5A-48EA-99C5-BEA3CEA8891F}"
EndProject
Project("{FAE04EC0-301F-11D3-BF4B-00C04F79EFBC}") = "Web.API", "Web.API\Web.API.csproj", "{A2C384D3-F34E-4BF0-A988-F3B14B807A7A}"
EndProject
Global
	GlobalSection(SolutionConfigurationPlatforms) = preSolution
		Debug|Any CPU = Debug|Any CPU
		Release|Any CPU = Release|Any CPU
	EndGlobalSection
	GlobalSection(ProjectConfigurationPlatforms) = postSolution
		{A5B5E1B1-FD5A-48EA-99C5-BEA3CEA8891F}.Debug|Any CPU.ActiveCfg = Debug|Any CPU
		{A5B5E1B1-FD5A-48EA-99C5-BEA3CEA8891F}.Debug|Any CPU.Build.0 = Debug|Any CPU
		{A5B5E1B1-FD5A-48EA-99C5-BEA3CEA8891F}.Release|Any CPU.ActiveCfg = Release|Any CPU
		{A5B5E1B1-FD5A-48EA-99C5-BEA3CEA8891F}.Release|Any CPU.Build.0 = Release|Any CPU
		{A2C384D3-F34E-4BF0-A988-F3B14B807A7A}.Debug|Any CPU.ActiveCfg = Debug|Any CPU
		{A2C384D3-F34E-4BF0-A988-F3B14B807A7A}.Debug|Any CPU.Build.0 = Debug|Any CPU
		{A2C384D3-F34E-4BF0-A988-F3B14B807A7A}.Release|Any CPU.ActiveCfg = Release|Any CPU
		{A2C384D3-F34E-4BF0-A988-F3B14B807A7A}.Release|Any CPU.Build.0 = Release|Any CPU
	EndGlobalSection
	GlobalSection(SolutionProperties) = preSolution
		HideSolutionNode = FALSE
	EndGlobalSection
EndGlobal
